{
  "name": "sw-rules",
  "version": "1.0.0",
  "lockfileVersion": 1,
  "requires": true,
  "dependencies": {
    "abp-web-resources": {
      "version": "3.7.0",
      "resolved": "https://registry.npmjs.org/abp-web-resources/-/abp-web-resources-3.7.0.tgz",
      "integrity": "sha1-6vNYcHZUIcb9mJsAji0OuFXT0mY="
    },
    "acorn": {
      "version": "5.7.1",
      "resolved": "https://registry.npmjs.org/acorn/-/acorn-5.7.1.tgz",
      "integrity": "sha1-8JWCkpdwanyXdpWMCvyJMKm52dg="
    },
    "acorn-dynamic-import": {
      "version": "3.0.0",
      "resolved": "https://registry.npmjs.org/acorn-dynamic-import/-/acorn-dynamic-import-3.0.0.tgz",
      "integrity": "sha1-kBzu5Mf6rvfgetKkfokGddpQong=",
      "requires": {
        "acorn": "5.7.1"
      }
    },
    "acorn-node": {
      "version": "1.5.2",
      "resolved": "https://registry.npmjs.org/acorn-node/-/acorn-node-1.5.2.tgz",
      "integrity": "sha1-LKcj3xnZl7BYJLafbH+wkfxCwyI=",
      "requires": {
        "acorn": "5.7.1",
        "acorn-dynamic-import": "3.0.0",
        "xtend": "4.0.1"
      }
    },
    "bootstrap": {
      "version": "4.1.1",
      "resolved": "https://registry.npmjs.org/bootstrap/-/bootstrap-4.1.1.tgz",
      "integrity": "sha1-OuyFAA+mGQhdqNLkmD39Z88hFMs="
    },
    "defined": {
      "version": "1.0.0",
      "resolved": "https://registry.npmjs.org/defined/-/defined-1.0.0.tgz",
      "integrity": "sha1-yY2bzvdWdBiOEQlpFRGZ45sfppM="
    },
    "detective": {
      "version": "5.1.0",
      "resolved": "https://registry.npmjs.org/detective/-/detective-5.1.0.tgz",
      "integrity": "sha1-eiDYkjbXszHM6mWDLnEjtVUbt8s=",
      "requires": {
        "acorn-node": "1.5.2",
        "defined": "1.0.0",
        "minimist": "1.2.0"
      }
    },
    "es6-object-assign": {
      "version": "1.1.0",
      "resolved": "https://registry.npmjs.org/es6-object-assign/-/es6-object-assign-1.1.0.tgz",
      "integrity": "sha1-wsNYJlYkfDnqEHyx5mUrb58kUjw="
    },
    "famfamfam-flags": {
      "version": "1.0.0",
      "resolved": "https://registry.npmjs.org/famfamfam-flags/-/famfamfam-flags-1.0.0.tgz",
      "integrity": "sha1-zXj3dhc6LFlicTMQ3XDBsUHREDw="
    },
    "font-awesome": {
      "version": "4.7.0",
      "resolved": "https://registry.npmjs.org/font-awesome/-/font-awesome-4.7.0.tgz",
      "integrity": "sha1-j6jPBBGhoxr9B7BtKQK7n8gVoTM="
    },
    "joose": {
      "version": "3.50.0",
      "resolved": "https://registry.npmjs.org/joose/-/joose-3.50.0.tgz",
      "integrity": "sha1-CSaCTUP2QKD0c3C/ynSKkpNEtIM=",
      "requires": {
        "detective": "5.1.0",
        "optimist": "0.6.1",
        "temp": "0.8.3"
      }
    },
    "joosex-namespace-depended": {
      "version": "0.18.0",
      "resolved": "https://registry.npmjs.org/joosex-namespace-depended/-/joosex-namespace-depended-0.18.0.tgz",
      "integrity": "sha1-PYLBE6MxsrG4YBk6e/P8PtVvnxw=",
      "requires": {
        "joose": "3.50.0",
        "joosex-simplerequest": "0.2.2"
      }
    },
    "joosex-simplerequest": {
      "version": "0.2.2",
      "resolved": "https://registry.npmjs.org/joosex-simplerequest/-/joosex-simplerequest-0.2.2.tgz",
      "integrity": "sha1-DJ4csNAKLnYKvB/e075Jd/gYR8A=",
      "requires": {
        "joose": "3.50.0"
      }
    },
    "jquery": {
      "version": "3.3.1",
      "resolved": "https://registry.npmjs.org/jquery/-/jquery-3.3.1.tgz",
      "integrity": "sha1-lYzinoHJeQ8xvneS311NlfxX+8o="
    },
    "jquery-validation": {
      "version": "1.17.0",
      "resolved": "https://registry.npmjs.org/jquery-validation/-/jquery-validation-1.17.0.tgz",
      "integrity": "sha1-q2a2tYPXdAubvRSJk+UOisBB81s=",
      "requires": {
        "jquery": "3.3.1"
      }
    },
    "jquery-validation-unobtrusive": {
      "version": "3.2.10",
      "resolved": "https://registry.npmjs.org/jquery-validation-unobtrusive/-/jquery-validation-unobtrusive-3.2.10.tgz",
      "integrity": "sha1-XtcJbBDZF8JyznEFW5DKZ8J8IZw=",
      "requires": {
        "jquery": "3.3.1",
        "jquery-validation": "1.17.0"
      }
    },
    "json2": {
      "version": "0.4.0",
      "resolved": "https://registry.npmjs.org/json2/-/json2-0.4.0.tgz",
      "integrity": "sha1-T2WOqQCsxazX+FZZd/FvQSh4EPk=",
      "requires": {
        "joose": "3.50.0",
        "joosex-namespace-depended": "0.18.0"
      }
    },
    "minimist": {
      "version": "1.2.0",
      "resolved": "https://registry.npmjs.org/minimist/-/minimist-1.2.0.tgz",
      "integrity": "sha1-o1AIsg9BOD7sH7kU9M1d95omQoQ="
    },
    "moment": {
      "version": "2.22.2",
      "resolved": "https://registry.npmjs.org/moment/-/moment-2.22.2.tgz",
      "integrity": "sha1-PCV/mDn8DpP/UxSWMiOeuQeD/2Y="
    },
    "optimist": {
      "version": "0.6.1",
      "resolved": "https://registry.npmjs.org/optimist/-/optimist-0.6.1.tgz",
      "integrity": "sha1-2j6nRob6IaGaERwybpDrFaAZZoY=",
      "requires": {
        "minimist": "0.0.10",
        "wordwrap": "0.0.3"
      },
      "dependencies": {
        "minimist": {
          "version": "0.0.10",
          "resolved": "https://registry.npmjs.org/minimist/-/minimist-0.0.10.tgz",
          "integrity": "sha1-3j+YVD2/lggr5IrRoMfNqDYwHc8="
        }
      }
    },
    "os-tmpdir": {
      "version": "1.0.2",
      "resolved": "https://registry.npmjs.org/os-tmpdir/-/os-tmpdir-1.0.2.tgz",
      "integrity": "sha1-u+Z0BseaqFxc/sdm/lc0VV36EnQ="
    },
    "promise-polyfill": {
      "version": "6.1.0",
      "resolved": "https://registry.npmjs.org/promise-polyfill/-/promise-polyfill-6.1.0.tgz",
      "integrity": "sha1-36lpQ+qcEh/KTem1hoyznTRy4Fc="
    },
    "rimraf": {
      "version": "2.2.8",
      "resolved": "https://registry.npmjs.org/rimraf/-/rimraf-2.2.8.tgz",
      "integrity": "sha1-5Dm+Kq7jJzIZUnMPmaiSnk/FBYI="
    },
    "spin.js": {
      "version": "4.0.0",
      "resolved": "https://registry.npmjs.org/spin.js/-/spin.js-4.0.0.tgz",
      "integrity": "sha1-1mQyMswguNLBs6tvBmEXgUW03eg="
    },
    "sweetalert": {
      "version": "2.1.0",
      "resolved": "https://registry.npmjs.org/sweetalert/-/sweetalert-2.1.0.tgz",
      "integrity": "sha1-1gXeyEAFj6itSh98LIwZS8csJ/o=",
      "requires": {
        "es6-object-assign": "1.1.0",
        "promise-polyfill": "6.1.0"
      }
    },
    "temp": {
      "version": "0.8.3",
      "resolved": "https://registry.npmjs.org/temp/-/temp-0.8.3.tgz",
      "integrity": "sha1-4Ma8TSa5AxJEEOT+2BEDAU38H1k=",
      "requires": {
        "os-tmpdir": "1.0.2",
        "rimraf": "2.2.8"
      }
    },
    "toastr": {
      "version": "2.1.4",
      "resolved": "https://registry.npmjs.org/toastr/-/toastr-2.1.4.tgz",
      "integrity": "sha1-i0O+ZPudDEFIcURvLbjoyk6V8YE=",
      "requires": {
        "jquery": "3.3.1"
      }
    },
    "wordwrap": {
      "version": "0.0.3",
      "resolved": "https://registry.npmjs.org/wordwrap/-/wordwrap-0.0.3.tgz",
      "integrity": "sha1-o9XabNXAvAAI03I0u68b7WMFkQc="
    },
    "xtend": {
      "version": "4.0.1",
      "resolved": "https://registry.npmjs.org/xtend/-/xtend-4.0.1.tgz",
      "integrity": "sha1-pcbVMr5lbiPbgg77lDofBJmNY68="
    }
  }
}
